github.com/google/btree v1.1.2 h1:xf4v41cLI2Z6FxbKm+8Bu+m8ifhj15JuZ9sa0jZCMUU=
github.com/google/btree v1.1.2/go.mod h1:qOPhT0dTNdNzV6Z/lhRX0YXUafgPLFUh+gZMl761Gm4=
github.com/misseven0/diskv/v3 v3.0.1 h1:CbHYOV73PjfNV/eHTOgYR675B9mkE8P6wT9jrnlrvm0=
github.com/misseven0/diskv/v3 v3.0.1/go.mod h1:O1tsIXl6Vkx+qmmKpiww9ru4Q2cc8av0khHmxH2TTkY=
github.com/misseven0/httpcache/httpcache v0.0.0-20230511112704-bd6b7a0bfc6f h1:puEsNI7lZcr4D1/rF0rp5mzpRenZDcV+mpSC2RStQ4k=
github.com/misseven0/httpcache/httpcache v0.0.0-20230511112704-bd6b7a0bfc6f/go.mod h1:CX6OKfOdiO0EYDR3cg8NbtCcJchHmThfxeaLkmDuOeg=
github.com/misseven0/httpcache/test v0.0.0-20230511112704-bd6b7a0bfc6f h1:mcHJtUPDK51nCZurUpWheDpUmZMFTObxaenb4LJ82kg=
github.com/misseven0/httpcache/test v0.0.0-20230511112704-bd6b7a0bfc6f/go.mod h1:BCbLKL2BQln1H9t4Qvqu0jjA27KFSUuTGZRvNMZFfWU=
